
Microsoft Visual Studio Solution File, Format Version 12.00
# Visual Studio Version 17
VisualStudioVersion = 17.6.33723.286
MinimumVisualStudioVersion = 10.0.40219.1
Project("{FAE04EC0-301F-11D3-BF4B-00C04F79EFBC}") = "FirstClassDemo", "FirstClassDemo\FirstClassDemo.csproj", "{BE08C39E-B71E-4B90-8751-988CA101B035}"
EndProject
Global
	GlobalSection(SolutionConfigurationPlatforms) = preSolution
		Debug|Any CPU = Debug|Any CPU
		Release|Any CPU = Release|Any CPU
	EndGlobalSection
	GlobalSection(ProjectConfigurationPlatforms) = postSolution
		{BE08C39E-B71E-4B90-8751-988CA101B035}.Debug|Any CPU.ActiveCfg = Debug|Any CPU
		{BE08C39E-B71E-4B90-8751-988CA101B035}.Debug|Any CPU.Build.0 = Debug|Any CPU
		{BE08C39E-B71E-4B90-8751-988CA101B035}.Release|Any CPU.ActiveCfg = Release|Any CPU
		{BE08C39E-B71E-4B90-8751-988CA101B035}.Release|Any CPU.Build.0 = Release|Any CPU
	EndGlobalSection
	GlobalSection(SolutionProperties) = preSolution
		HideSolutionNode = FALSE
	EndGlobalSection
	GlobalSection(ExtensibilityGlobals) = postSolution
		SolutionGuid = {D3FFE642-70E2-4542-AF8F-B751B25ABFC9}
	EndGlobalSection
EndGlobal
